<?xml version="1.0" encoding="utf-8"?>
<Project ToolsVersion="4.0" xmlns="http://schemas.microsoft.com/developer/msbuild/2003">
  <ItemGroup>
    <Filter Include="Source Files">
      <UniqueIdentifier>{4FC737F1-C7A5-4376-A066-2A32D752A2FF}</UniqueIdentifier>
      <Extensions>cpp;c;cc;cxx;def;odl;idl;hpj;bat;asm;asmx</Extensions>
    </Filter>
    <Filter Include="Header Files">
      <UniqueIdentifier>{93995380-89BD-4b04-88EB-625FBE52EBFB}</UniqueIdentifier>
      <Extensions>h;hpp;hxx;hm;inl;inc;xsd</Extensions>
    </Filter>
    <Filter Include="Resource Files">
      <UniqueIdentifier>{67DA6AB6-F800-4c08-8B7A-83BB121AAD01}</UniqueIdentifier>
      <Extensions>rc;ico;cur;bmp;dlg;rc2;rct;bin;rgs;gif;jpg;jpeg;jpe;resx;tiff;tif;png;wav;mfcribbon-ms</Extensions>
    </Filter>
    <Filter Include="Header Files\Assets">
      <UniqueIdentifier>{7e7c3d01-c523-4510-8c5d-2a6499f58b6e}</UniqueIdentifier>
    </Filter>
    <Filter Include="Header Files\Input Manager">
      <UniqueIdentifier>{d57500f5-84cf-44e9-bb14-ec04ed47b776}</UniqueIdentifier>
    </Filter>
    <Filter Include="Source Files\Assets">
      <UniqueIdentifier>{0c5103e3-fdc7-4c8f-8d9f-79af8168efa8}</UniqueIdentifier>
    </Filter>
    <Filter Include="Header Files\Particle Systems">
      <UniqueIdentifier>{fbf840a7-b5e8-408c-a863-c576fd09da91}</UniqueIdentifier>
    </Filter>
    <Filter Include="Source Files\Particle Systems">
      <UniqueIdentifier>{b46dd870-5d27-4d24-8093-5e4a552e1607}</UniqueIdentifier>
    </Filter>
  </ItemGroup>
  <ItemGroup>
    <ClCompile Include="main.cpp">
      <Filter>Source Files</Filter>
    </ClCompile>
    <ClCompile Include="game.cpp">
      <Filter>Source Files</Filter>
    </ClCompile>
    <ClCompile Include="AssetLoader.cpp">
      <Filter>Source Files\Assets</Filter>
    </ClCompile>
    <ClCompile Include="AssetManager.cpp">
      <Filter>Source Files\Assets</Filter>
    </ClCompile>
    <ClCompile Include="Model.cpp">
      <Filter>Source Files\Assets</Filter>
    </ClCompile>
    <ClCompile Include="Shader.cpp">
      <Filter>Source Files\Assets</Filter>
    </ClCompile>
    <ClCompile Include="Texture.cpp">
      <Filter>Source Files\Assets</Filter>
    </ClCompile>
    <ClCompile Include="InputManager.cpp">
      <Filter>Source Files</Filter>
    </ClCompile>
    <ClCompile Include="Camera.cpp">
      <Filter>Source Files</Filter>
    </ClCompile>
    <ClCompile Include="FrameBuffer.cpp">
      <Filter>Source Files</Filter>
    </ClCompile>
    <ClCompile Include="Settings.cpp">
      <Filter>Source Files</Filter>
    </ClCompile>
    <ClCompile Include="StaticBufferParticleSystem.cpp">
      <Filter>Source Files\Particle Systems</Filter>
    </ClCompile>
    <ClCompile Include="DynamicBufferParticleSystem.cpp">
      <Filter>Source Files\Particle Systems</Filter>
    </ClCompile>
    <ClCompile Include="ParticleSystem.cpp">
      <Filter>Source Files\Particle Systems</Filter>
    </ClCompile>
  </ItemGroup>
  <ItemGroup>
    <ClInclude Include="game.h">
      <Filter>Header Files</Filter>
    </ClInclude>
    <ClInclude Include="Camera.h">
      <Filter>Header Files</Filter>
    </ClInclude>
    <ClInclude Include="InputManager.h">
      <Filter>Header Files\Input Manager</Filter>
    </ClInclude>
    <ClInclude Include="KeyDeclarations.h">
      <Filter>Header Files\Input Manager</Filter>
    </ClInclude>
    <ClInclude Include="AssetManager.h">
      <Filter>Header Files\Assets</Filter>
    </ClInclude>
    <ClInclude Include="Model.h">
      <Filter>Header Files\Assets</Filter>
    </ClInclude>
    <ClInclude Include="Shader.h">
      <Filter>Header Files\Assets</Filter>
    </ClInclude>
    <ClInclude Include="Texture.h">
      <Filter>Header Files\Assets</Filter>
    </ClInclude>
    <ClInclude Include="AssetLoader.h">
      <Filter>Header Files\Assets</Filter>
    </ClInclude>
    <ClInclude Include="Utilities.h">
      <Filter>Header Files</Filter>
    </ClInclude>
    <ClInclude Include="FrameBuffer.h">
      <Filter>Header Files</Filter>
    </ClInclude>
    <ClInclude Include="Settings.h">
      <Filter>Header Files</Filter>
    </ClInclude>
    <ClInclude Include="ParticleSystem.h">
      <Filter>Header Files\Particle Systems</Filter>
    </ClInclude>
    <ClInclude Include="StaticBufferParticleSystem.h">
      <Filter>Header Files\Particle Systems</Filter>
    </ClInclude>
    <ClInclude Include="DynamicBufferParticleSystem.h">
      <Filter>Header Files\Particle Systems</Filter>
    </ClInclude>
  </ItemGroup>
</Project>